
Microsoft Visual Studio Solution File, Format Version 12.00
# Visual Studio Version 17
VisualStudioVersion = 17.9.34728.123
MinimumVisualStudioVersion = 10.0.40219.1
Project("{FAE04EC0-301F-11D3-BF4B-00C04F79EFBC}") = "WindowsFormsApp1", "WindowsFormsApp1\WindowsFormsApp1.csproj", "{12A6D359-70A7-44FB-BABA-1D7F89BCA7AB}"
EndProject
Project("{FAE04EC0-301F-11D3-BF4B-00C04F79EFBC}") = "Logic_Lib", "Logic_Lib\Logic_Lib.csproj", "{426CD57D-0DB2-42B8-AC31-726E82D53AE6}"
EndProject
Global
	GlobalSection(SolutionConfigurationPlatforms) = preSolution
		Debug|Any CPU = Debug|Any CPU
		Release|Any CPU = Release|Any CPU
	EndGlobalSection
	GlobalSection(ProjectConfigurationPlatforms) = postSolution
		{12A6D359-70A7-44FB-BABA-1D7F89BCA7AB}.Debug|Any CPU.ActiveCfg = Debug|Any CPU
		{12A6D359-70A7-44FB-BABA-1D7F89BCA7AB}.Debug|Any CPU.Build.0 = Debug|Any CPU
		{12A6D359-70A7-44FB-BABA-1D7F89BCA7AB}.Release|Any CPU.ActiveCfg = Release|Any CPU
		{12A6D359-70A7-44FB-BABA-1D7F89BCA7AB}.Release|Any CPU.Build.0 = Release|Any CPU
		{426CD57D-0DB2-42B8-AC31-726E82D53AE6}.Debug|Any CPU.ActiveCfg = Debug|Any CPU
		{426CD57D-0DB2-42B8-AC31-726E82D53AE6}.Debug|Any CPU.Build.0 = Debug|Any CPU
		{426CD57D-0DB2-42B8-AC31-726E82D53AE6}.Release|Any CPU.ActiveCfg = Release|Any CPU
		{426CD57D-0DB2-42B8-AC31-726E82D53AE6}.Release|Any CPU.Build.0 = Release|Any CPU
	EndGlobalSection
	GlobalSection(SolutionProperties) = preSolution
		HideSolutionNode = FALSE
	EndGlobalSection
	GlobalSection(ExtensibilityGlobals) = postSolution
		SolutionGuid = {A58528BC-6D4E-4A24-853E-5E50E1C84A3B}
	EndGlobalSection
EndGlobal
